
Microsoft Visual Studio Solution File, Format Version 12.00
# Visual Studio Version 17
VisualStudioVersion = 17.8.34525.116
MinimumVisualStudioVersion = 10.0.40219.1
Project("{9A19103F-16F7-4668-BE54-9A1E7A4F7556}") = "GetStartedApp", "GetStartedApp.csproj", "{6BC5C9AB-AA7C-4067-92AF-CA03472C4DC3}"
EndProject
Project("{9A19103F-16F7-4668-BE54-9A1E7A4F7556}") = "LayUI.Avalonia", "..\项目\LayUI-Avalonia-main\src\LayuiAvaloniaPack\UI\LayUI.Avalonia\LayUI.Avalonia.csproj", "{5BAD8E71-B425-4B2B-B482-CC85C7AB2BCE}"
EndProject
Project("{9A19103F-16F7-4668-BE54-9A1E7A4F7556}") = "Layui.Core", "..\项目\LayUI-Avalonia-main\src\LayuiAvaloniaPack\Layui.Core\Layui.Core.csproj", "{1B6C7F48-4094-4859-BA56-1FA300A9CAA9}"
EndProject
Global
	GlobalSection(SolutionConfigurationPlatforms) = preSolution
		Debug|Any CPU = Debug|Any CPU
		Release|Any CPU = Release|Any CPU
	EndGlobalSection
	GlobalSection(ProjectConfigurationPlatforms) = postSolution
		{6BC5C9AB-AA7C-4067-92AF-CA03472C4DC3}.Debug|Any CPU.ActiveCfg = Debug|Any CPU
		{6BC5C9AB-AA7C-4067-92AF-CA03472C4DC3}.Debug|Any CPU.Build.0 = Debug|Any CPU
		{6BC5C9AB-AA7C-4067-92AF-CA03472C4DC3}.Release|Any CPU.ActiveCfg = Release|Any CPU
		{6BC5C9AB-AA7C-4067-92AF-CA03472C4DC3}.Release|Any CPU.Build.0 = Release|Any CPU
		{5BAD8E71-B425-4B2B-B482-CC85C7AB2BCE}.Debug|Any CPU.ActiveCfg = Debug|Any CPU
		{5BAD8E71-B425-4B2B-B482-CC85C7AB2BCE}.Debug|Any CPU.Build.0 = Debug|Any CPU
		{5BAD8E71-B425-4B2B-B482-CC85C7AB2BCE}.Release|Any CPU.ActiveCfg = Release|Any CPU
		{5BAD8E71-B425-4B2B-B482-CC85C7AB2BCE}.Release|Any CPU.Build.0 = Release|Any CPU
		{1B6C7F48-4094-4859-BA56-1FA300A9CAA9}.Debug|Any CPU.ActiveCfg = Debug|Any CPU
		{1B6C7F48-4094-4859-BA56-1FA300A9CAA9}.Debug|Any CPU.Build.0 = Debug|Any CPU
		{1B6C7F48-4094-4859-BA56-1FA300A9CAA9}.Release|Any CPU.ActiveCfg = Release|Any CPU
		{1B6C7F48-4094-4859-BA56-1FA300A9CAA9}.Release|Any CPU.Build.0 = Release|Any CPU
	EndGlobalSection
	GlobalSection(SolutionProperties) = preSolution
		HideSolutionNode = FALSE
	EndGlobalSection
	GlobalSection(ExtensibilityGlobals) = postSolution
		SolutionGuid = {D1F055FC-EB66-401F-A140-FAEDD1E2A72D}
	EndGlobalSection
EndGlobal
